{
  "name": "example",
  "lockfileVersion": 2,
  "requires": true,
  "packages": {
    "": {
      "name": "example",
      "dependencies": {
        "@slashnotes/cli": "file:../packages/cli",
        "@slashnotes/editor": "file:../packages/editor",
        "@slashnotes/navigator": "file:../packages/navigator"
      }
    },
    "../packages/cli": {
      "name": "@slashnotes/cli",
      "license": "AGPL-3.0",
      "dependencies": {
        "@mdx-js/mdx": "^2.0.0",
        "commander": "^9.0.0"
      },
      "bin": {
        "slashnotes": "dist/index.mjs"
      }
    },
    "../packages/editor": {
      "name": "@slashnotes/editor",
      "license": "AGPL-3.0",
      "dependencies": {
        "react": "*"
      }
    },
    "../packages/navigator": {
      "name": "@slashnotes/navigator",
      "license": "AGPL-3.0",
      "dependencies": {
        "react": "*"
      }
    },
    "node_modules/@slashnotes/cli": {
      "resolved": "../packages/cli",
      "link": true
    },
    "node_modules/@slashnotes/editor": {
      "resolved": "../packages/editor",
      "link": true
    },
    "node_modules/@slashnotes/navigator": {
      "resolved": "../packages/navigator",
      "link": true
    }
  },
  "dependencies": {
    "@slashnotes/cli": {
      "version": "file:../packages/cli",
      "requires": {
        "@mdx-js/mdx": "^2.0.0",
        "commander": "^9.0.0"
      }
    },
    "@slashnotes/editor": {
      "version": "file:../packages/editor",
      "requires": {
        "react": "*"
      }
    },
    "@slashnotes/navigator": {
      "version": "file:../packages/navigator",
      "requires": {
        "react": "*"
      }
    }
  }
}
