{
  "name": "@slashnotes/example",
  "lockfileVersion": 2,
  "requires": true,
  "packages": {
    "": {
      "name": "@slashnotes/example",
      "dependencies": {
        "@slashnotes/cli": "file:../packages/cli",
        "@slashnotes/web": "file:../packages/web"
      }
    },
    "../packages/cli": {
      "name": "@slashnotes/cli",
      "version": "0.1.0",
      "license": "AGPL-3.0",
      "dependencies": {
        "@slashnotes/web": "*"
      },
      "bin": {
        "slashnotes": "dist/index.js"
      },
      "peerDependencies": {
        "@mdx-js/mdx": "^2.0.0",
        "@vitejs/plugin-react": "*",
        "commander": "^9.0.0",
        "vite": "^2.0.0"
      }
    },
    "../packages/web": {
      "name": "@slashnotes/web",
      "license": "AGPL-3.0",
      "dependencies": {
        "react": "*",
        "react-dom": "*"
      },
      "devDependencies": {
        "@types/react": "*",
        "@types/react-dom": "*",
        "@vitejs/plugin-react": "*",
        "typescript": "*",
        "vite": "*"
      }
    },
    "node_modules/@slashnotes/cli": {
      "resolved": "../packages/cli",
      "link": true
    },
    "node_modules/@slashnotes/web": {
      "resolved": "../packages/web",
      "link": true
    }
  },
  "dependencies": {
    "@slashnotes/cli": {
      "version": "file:../packages/cli",
      "requires": {
        "@slashnotes/web": "*"
      }
    },
    "@slashnotes/web": {
      "version": "file:../packages/web",
      "requires": {
        "@types/react": "*",
        "@types/react-dom": "*",
        "@vitejs/plugin-react": "*",
        "react": "*",
        "react-dom": "*",
        "typescript": "*",
        "vite": "*"
      }
    }
  }
}
