{
  "name": "@slashnotes/example",
  "lockfileVersion": 2,
  "requires": true,
  "packages": {
    "": {
      "name": "@slashnotes/example",
      "dependencies": {
        "@slashnotes/cli": "file:../packages/cli",
        "@slashnotes/server": "file:../packages/server",
        "@slashnotes/web": "file:../packages/web"
      }
    },
    "../packages/cli": {
      "name": "@slashnotes/cli",
      "version": "1.0.0",
      "license": "AGPL-3.0",
      "dependencies": {
        "@slashnotes/md": "*",
        "@slashnotes/server": "*",
        "@slashnotes/web": "*",
        "commander": "^9.1.0"
      },
      "bin": {
        "slashnotes": "dist/index.js"
      },
      "engines": {
        "node": ">=16.0.0",
        "npm": ">=8.0.0"
      }
    },
    "../packages/server": {
      "name": "@slashnotes/server",
      "version": "1.0.0",
      "license": "AGPL-3.0",
      "dependencies": {
        "@faasjs/logger": "*",
        "@slashnotes/md": "*",
        "@slashnotes/web": "*",
        "react": "*",
        "react-dom": "*"
      },
      "devDependencies": {
        "@slashnotes/types": "*",
        "nodemon": "*",
        "ts-node": "*",
        "tsconfig-paths": "*"
      },
      "engines": {
        "node": ">=16.0.0",
        "npm": ">=8.0.0"
      }
    },
    "../packages/web": {
      "name": "@slashnotes/web",
      "version": "1.0.0",
      "license": "AGPL-3.0",
      "dependencies": {
        "@mdx-js/mdx": "*",
        "monaco-editor": "*",
        "react": "*",
        "react-dom": "*"
      },
      "devDependencies": {
        "@types/node": "*",
        "@types/react": "*",
        "@types/react-dom": "*",
        "@vitejs/plugin-react": "*",
        "sass": "*",
        "typescript": "*",
        "vite": "*"
      },
      "engines": {
        "node": ">=16.0.0",
        "npm": ">=8.0.0"
      }
    },
    "node_modules/@slashnotes/cli": {
      "resolved": "../packages/cli",
      "link": true
    },
    "node_modules/@slashnotes/server": {
      "resolved": "../packages/server",
      "link": true
    },
    "node_modules/@slashnotes/web": {
      "resolved": "../packages/web",
      "link": true
    }
  },
  "dependencies": {
    "@slashnotes/cli": {
      "version": "file:../packages/cli",
      "requires": {
        "@slashnotes/md": "*",
        "@slashnotes/server": "*",
        "@slashnotes/web": "*",
        "commander": "^9.1.0"
      }
    },
    "@slashnotes/server": {
      "version": "file:../packages/server",
      "requires": {
        "@faasjs/logger": "*",
        "@slashnotes/md": "*",
        "@slashnotes/types": "*",
        "@slashnotes/web": "*",
        "nodemon": "*",
        "react": "*",
        "react-dom": "*",
        "ts-node": "*",
        "tsconfig-paths": "*"
      }
    },
    "@slashnotes/web": {
      "version": "file:../packages/web",
      "requires": {
        "@mdx-js/mdx": "*",
        "@types/node": "*",
        "@types/react": "*",
        "@types/react-dom": "*",
        "@vitejs/plugin-react": "*",
        "monaco-editor": "*",
        "react": "*",
        "react-dom": "*",
        "sass": "*",
        "typescript": "*",
        "vite": "*"
      }
    }
  }
}
