{
  "name": "@slashnotes/example",
  "lockfileVersion": 2,
  "requires": true,
  "packages": {
    "": {
      "name": "@slashnotes/example",
      "dependencies": {
        "@slashnotes/cli": "file:../packages/cli",
        "@slashnotes/server": "file:../packages/server",
        "@slashnotes/web": "file:../packages/web"
      }
    },
    "../packages/cli": {
      "name": "@slashnotes/cli",
      "version": "0.1.0",
      "license": "AGPL-3.0",
      "dependencies": {
        "@slashnotes/server": "*",
        "@slashnotes/web": "*",
        "commander": "^9.0.0"
      },
      "bin": {
        "slashnotes": "dist/index.js"
      }
    },
    "../packages/server": {
      "name": "@slashnotes/server",
      "version": "0.1.0",
      "license": "AGPL-3.0",
      "dependencies": {
        "@mdx-js/mdx": "*",
        "@slashnotes/web": "*"
      }
    },
    "../packages/web": {
      "name": "@slashnotes/web",
      "license": "AGPL-3.0",
      "dependencies": {
        "@mdx-js/mdx": "*",
        "monaco-editor": "*",
        "react": "*",
        "react-dom": "*"
      },
      "devDependencies": {
        "@types/node": "*",
        "@types/react": "*",
        "@types/react-dom": "*",
        "css-loader": "*",
        "html-webpack-plugin": "*",
        "style-loader": "*",
        "swc-loader": "*",
        "webpack": "*",
        "webpack-cli": "*",
        "webpack-dev-server": "*"
      }
    },
    "node_modules/@slashnotes/cli": {
      "resolved": "../packages/cli",
      "link": true
    },
    "node_modules/@slashnotes/server": {
      "resolved": "../packages/server",
      "link": true
    },
    "node_modules/@slashnotes/web": {
      "resolved": "../packages/web",
      "link": true
    }
  },
  "dependencies": {
    "@slashnotes/cli": {
      "version": "file:../packages/cli",
      "requires": {
        "@slashnotes/server": "*",
        "@slashnotes/web": "*",
        "commander": "^9.0.0"
      }
    },
    "@slashnotes/server": {
      "version": "file:../packages/server",
      "requires": {
        "@mdx-js/mdx": "*",
        "@slashnotes/web": "*"
      }
    },
    "@slashnotes/web": {
      "version": "file:../packages/web",
      "requires": {
        "@mdx-js/mdx": "*",
        "@types/node": "*",
        "@types/react": "*",
        "@types/react-dom": "*",
        "css-loader": "*",
        "html-webpack-plugin": "*",
        "monaco-editor": "*",
        "react": "*",
        "react-dom": "*",
        "style-loader": "*",
        "swc-loader": "*",
        "webpack": "*",
        "webpack-cli": "*",
        "webpack-dev-server": "*"
      }
    }
  }
}
